{
  "version": 4,
  "terraform_version": "1.12.1",
  "serial": 30,
  "lineage": "e98e2406-a7ef-abaf-aaa1-89787c57e355",
  "outputs": {
    "artifact_registry_repo": {
      "value": "shaimaa-app-repo",
      "type": "string"
    },
    "gke_endpoint": {
      "value": "172.16.0.2",
      "type": "string"
    },
    "management_subnet": {
      "value": "shaimaa-management-subnet",
      "type": "string"
    },
    "private_vm_ip": {
      "value": "10.10.1.2",
      "type": "string"
    },
    "restricted_subnet": {
      "value": "shaimaa-restricted-subnet",
      "type": "string"
    },
    "vpc_network": {
      "value": "shaimaa-vpc",
      "type": "string"
    }
  },
  "resources": [
    {
      "mode": "data",
      "type": "google_compute_image",
      "name": "ubuntu_image",
      "provider": "provider[\"registry.terraform.io/hashicorp/google\"]",
      "instances": [
        {
          "schema_version": 0,
          "attributes": {
            "archive_size_bytes": 3843162240,
            "creation_timestamp": "2025-05-23T12:02:24.799-07:00",
            "description": "Canonical, Ubuntu, 22.04 LTS, amd64 jammy image built on 2025-05-23",
            "disk_size_gb": 10,
            "family": "ubuntu-2204-lts",
            "filter": null,
            "id": "projects/ubuntu-os-cloud/global/images/ubuntu-2204-jammy-v20250523",
            "image_encryption_key_sha256": "",
            "image_id": "8823969158319143087",
            "label_fingerprint": "42WmSpB8rSM=",
            "labels": {},
            "licenses": [
              "https://www.googleapis.com/compute/v1/projects/ubuntu-os-cloud/global/licenses/ubuntu-2204-lts"
            ],
            "most_recent": false,
            "name": "ubuntu-2204-jammy-v20250523",
            "project": "ubuntu-os-cloud",
            "self_link": "https://www.googleapis.com/compute/v1/projects/ubuntu-os-cloud/global/images/ubuntu-2204-jammy-v20250523",
            "source_disk": "",
            "source_disk_encryption_key_sha256": "",
            "source_disk_id": "",
            "source_image_id": "",
            "status": "READY"
          },
          "sensitive_attributes": [],
          "identity_schema_version": 0
        }
      ]
    },
    {
      "mode": "managed",
      "type": "google_artifact_registry_repository",
      "name": "app_repo",
      "provider": "provider[\"registry.terraform.io/hashicorp/google\"]",
      "instances": [
        {
          "schema_version": 0,
          "attributes": {
            "cleanup_policies": [],
            "cleanup_policy_dry_run": false,
            "create_time": "2025-05-29T18:29:24.591220Z",
            "description": "Private Docker repo for GKE app",
            "docker_config": [],
            "effective_labels": {},
            "format": "DOCKER",
            "id": "projects/level-agent-460100-t6/locations/europe-west6/repositories/shaimaa-app-repo",
            "kms_key_name": "",
            "labels": {},
            "location": "europe-west6",
            "maven_config": [],
            "mode": "STANDARD_REPOSITORY",
            "name": "shaimaa-app-repo",
            "project": "level-agent-460100-t6",
            "remote_repository_config": [],
            "repository_id": "shaimaa-app-repo",
            "terraform_labels": {},
            "timeouts": null,
            "update_time": "2025-05-29T18:29:24.591220Z",
            "virtual_repository_config": []
          },
          "sensitive_attributes": [],
          "identity_schema_version": 0,
          "private": "eyJlMmJmYjczMC1lY2FhLTExZTYtOGY4OC0zNDM2M2JjN2M0YzAiOnsiY3JlYXRlIjoxMjAwMDAwMDAwMDAwLCJkZWxldGUiOjEyMDAwMDAwMDAwMDAsInVwZGF0ZSI6MTIwMDAwMDAwMDAwMH19"
        }
      ]
    },
    {
      "mode": "managed",
      "type": "google_compute_firewall",
      "name": "allow_gke_node_ports",
      "provider": "provider[\"registry.terraform.io/hashicorp/google\"]",
      "instances": [
        {
          "schema_version": 1,
          "attributes": {
            "allow": [
              {
                "ports": [
                  "30000-32767"
                ],
                "protocol": "tcp"
              }
            ],
            "creation_timestamp": "2025-05-29T11:40:37.805-07:00",
            "deny": [],
            "description": "",
            "destination_ranges": [],
            "direction": "INGRESS",
            "disabled": false,
            "enable_logging": null,
            "id": "projects/level-agent-460100-t6/global/firewalls/shaimaa-allow-gke-node-ports",
            "log_config": [],
            "name": "shaimaa-allow-gke-node-ports",
            "network": "https://www.googleapis.com/compute/v1/projects/level-agent-460100-t6/global/networks/shaimaa-vpc",
            "priority": 1000,
            "project": "level-agent-460100-t6",
            "self_link": "https://www.googleapis.com/compute/v1/projects/level-agent-460100-t6/global/firewalls/shaimaa-allow-gke-node-ports",
            "source_ranges": [
              "10.10.0.0/16"
            ],
            "source_service_accounts": null,
            "source_tags": null,
            "target_service_accounts": null,
            "target_tags": [
              "gke-node"
            ],
            "timeouts": null
          },
          "sensitive_attributes": [],
          "identity_schema_version": 0,
          "private": "eyJlMmJmYjczMC1lY2FhLTExZTYtOGY4OC0zNDM2M2JjN2M0YzAiOnsiY3JlYXRlIjoxMjAwMDAwMDAwMDAwLCJkZWxldGUiOjEyMDAwMDAwMDAwMDAsInVwZGF0ZSI6MTIwMDAwMDAwMDAwMH0sInNjaGVtYV92ZXJzaW9uIjoiMSJ9",
          "dependencies": [
            "google_compute_network.shaimaa_custom_vpc"
          ]
        }
      ]
    },
    {
      "mode": "managed",
      "type": "google_compute_firewall",
      "name": "allow_health_checks",
      "provider": "provider[\"registry.terraform.io/hashicorp/google\"]",
      "instances": [
        {
          "schema_version": 1,
          "attributes": {
            "allow": [
              {
                "ports": [
                  "30000-32767"
                ],
                "protocol": "tcp"
              }
            ],
            "creation_timestamp": "2025-05-29T11:40:37.963-07:00",
            "deny": [],
            "description": "",
            "destination_ranges": [],
            "direction": "INGRESS",
            "disabled": false,
            "enable_logging": null,
            "id": "projects/level-agent-460100-t6/global/firewalls/shaimaa-allow-gcp-health-checks",
            "log_config": [],
            "name": "shaimaa-allow-gcp-health-checks",
            "network": "https://www.googleapis.com/compute/v1/projects/level-agent-460100-t6/global/networks/shaimaa-vpc",
            "priority": 1000,
            "project": "level-agent-460100-t6",
            "self_link": "https://www.googleapis.com/compute/v1/projects/level-agent-460100-t6/global/firewalls/shaimaa-allow-gcp-health-checks",
            "source_ranges": [
              "130.211.0.0/22",
              "35.191.0.0/16"
            ],
            "source_service_accounts": null,
            "source_tags": null,
            "target_service_accounts": null,
            "target_tags": null,
            "timeouts": null
          },
          "sensitive_attributes": [],
          "identity_schema_version": 0,
          "private": "eyJlMmJmYjczMC1lY2FhLTExZTYtOGY4OC0zNDM2M2JjN2M0YzAiOnsiY3JlYXRlIjoxMjAwMDAwMDAwMDAwLCJkZWxldGUiOjEyMDAwMDAwMDAwMDAsInVwZGF0ZSI6MTIwMDAwMDAwMDAwMH0sInNjaGVtYV92ZXJzaW9uIjoiMSJ9",
          "dependencies": [
            "google_compute_network.shaimaa_custom_vpc"
          ]
        }
      ]
    },
    {
      "mode": "managed",
      "type": "google_compute_firewall",
      "name": "allow_internal",
      "provider": "provider[\"registry.terraform.io/hashicorp/google\"]",
      "instances": [
        {
          "schema_version": 1,
          "attributes": {
            "allow": [
              {
                "ports": [
                  "0-65535"
                ],
                "protocol": "tcp"
              },
              {
                "ports": [
                  "0-65535"
                ],
                "protocol": "udp"
              },
              {
                "ports": [],
                "protocol": "icmp"
              }
            ],
            "creation_timestamp": "2025-05-29T11:29:46.763-07:00",
            "deny": [],
            "description": "",
            "destination_ranges": [],
            "direction": "INGRESS",
            "disabled": false,
            "enable_logging": null,
            "id": "projects/level-agent-460100-t6/global/firewalls/shaimaaallow-internal",
            "log_config": [],
            "name": "shaimaaallow-internal",
            "network": "https://www.googleapis.com/compute/v1/projects/level-agent-460100-t6/global/networks/shaimaa-vpc",
            "priority": 65534,
            "project": "level-agent-460100-t6",
            "self_link": "https://www.googleapis.com/compute/v1/projects/level-agent-460100-t6/global/firewalls/shaimaaallow-internal",
            "source_ranges": [
              "10.10.0.0/16"
            ],
            "source_service_accounts": [],
            "source_tags": [],
            "target_service_accounts": [],
            "target_tags": [],
            "timeouts": null
          },
          "sensitive_attributes": [],
          "identity_schema_version": 0,
          "private": "eyJlMmJmYjczMC1lY2FhLTExZTYtOGY4OC0zNDM2M2JjN2M0YzAiOnsiY3JlYXRlIjoxMjAwMDAwMDAwMDAwLCJkZWxldGUiOjEyMDAwMDAwMDAwMDAsInVwZGF0ZSI6MTIwMDAwMDAwMDAwMH0sInNjaGVtYV92ZXJzaW9uIjoiMSJ9",
          "dependencies": [
            "google_compute_network.shaimaa_custom_vpc"
          ]
        }
      ]
    },
    {
      "mode": "managed",
      "type": "google_compute_firewall",
      "name": "allow_ssh_management",
      "provider": "provider[\"registry.terraform.io/hashicorp/google\"]",
      "instances": [
        {
          "schema_version": 1,
          "attributes": {
            "allow": [
              {
                "ports": [
                  "22"
                ],
                "protocol": "tcp"
              }
            ],
            "creation_timestamp": "2025-05-29T11:40:37.947-07:00",
            "deny": [],
            "description": "",
            "destination_ranges": [],
            "direction": "INGRESS",
            "disabled": false,
            "enable_logging": null,
            "id": "projects/level-agent-460100-t6/global/firewalls/shaimaa-allow-ssh-management-subnet",
            "log_config": [],
            "name": "shaimaa-allow-ssh-management-subnet",
            "network": "https://www.googleapis.com/compute/v1/projects/level-agent-460100-t6/global/networks/shaimaa-vpc",
            "priority": 100,
            "project": "level-agent-460100-t6",
            "self_link": "https://www.googleapis.com/compute/v1/projects/level-agent-460100-t6/global/firewalls/shaimaa-allow-ssh-management-subnet",
            "source_ranges": [
              "0.0.0.0/0"
            ],
            "source_service_accounts": null,
            "source_tags": null,
            "target_service_accounts": null,
            "target_tags": [
              "iap-access"
            ],
            "timeouts": null
          },
          "sensitive_attributes": [],
          "identity_schema_version": 0,
          "private": "eyJlMmJmYjczMC1lY2FhLTExZTYtOGY4OC0zNDM2M2JjN2M0YzAiOnsiY3JlYXRlIjoxMjAwMDAwMDAwMDAwLCJkZWxldGUiOjEyMDAwMDAwMDAwMDAsInVwZGF0ZSI6MTIwMDAwMDAwMDAwMH0sInNjaGVtYV92ZXJzaW9uIjoiMSJ9",
          "dependencies": [
            "google_compute_network.shaimaa_custom_vpc"
          ]
        }
      ]
    },
    {
      "mode": "managed",
      "type": "google_compute_instance",
      "name": "private_vm",
      "provider": "provider[\"registry.terraform.io/hashicorp/google\"]",
      "instances": [
        {
          "schema_version": 6,
          "attributes": {
            "advanced_machine_features": [],
            "allow_stopping_for_update": null,
            "attached_disk": [],
            "boot_disk": [
              {
                "auto_delete": true,
                "device_name": "persistent-disk-0",
                "disk_encryption_key_raw": "",
                "disk_encryption_key_sha256": "",
                "initialize_params": [
                  {
                    "enable_confidential_compute": false,
                    "image": "https://www.googleapis.com/compute/v1/projects/ubuntu-os-cloud/global/images/ubuntu-2204-jammy-v20250523",
                    "labels": {},
                    "provisioned_iops": 0,
                    "provisioned_throughput": 0,
                    "resource_manager_tags": {},
                    "size": 10,
                    "storage_pool": "",
                    "type": "pd-standard"
                  }
                ],
                "kms_key_self_link": "",
                "mode": "READ_WRITE",
                "source": "https://www.googleapis.com/compute/v1/projects/level-agent-460100-t6/zones/europe-west6-a/disks/shaimaa-private-vm"
              }
            ],
            "can_ip_forward": false,
            "confidential_instance_config": [],
            "cpu_platform": "Intel Broadwell",
            "current_status": "RUNNING",
            "deletion_protection": false,
            "description": "",
            "desired_status": null,
            "effective_labels": {},
            "enable_display": false,
            "guest_accelerator": [],
            "hostname": "",
            "id": "projects/level-agent-460100-t6/zones/europe-west6-a/instances/shaimaa-private-vm",
            "instance_id": "1770450591228959070",
            "label_fingerprint": "42WmSpB8rSM=",
            "labels": {},
            "machine_type": "e2-medium",
            "metadata": {},
            "metadata_fingerprint": "ACS4jSl6u38=",
            "metadata_startup_script": "#!/bin/bash\napt-get update\napt-get install -y git docker.io\ncurl -sSL https://sdk.cloud.google.com | bash\necho \"export PATH=$PATH:/root/google-cloud-sdk/bin\" \u003e\u003e /root/.bashrc\ncurl -LO \"https://dl.k8s.io/release/$(curl -L -s https://dl.k8s.io/release/stable.txt)/bin/linux/amd64/kubectl\"\nchmod +x kubectl\nmv kubectl /usr/local/bin/\n",
            "min_cpu_platform": "",
            "name": "shaimaa-private-vm",
            "network_interface": [
              {
                "access_config": [],
                "alias_ip_range": [],
                "internal_ipv6_prefix_length": 0,
                "ipv6_access_config": [],
                "ipv6_access_type": "",
                "ipv6_address": "",
                "name": "nic0",
                "network": "https://www.googleapis.com/compute/v1/projects/level-agent-460100-t6/global/networks/shaimaa-vpc",
                "network_ip": "10.10.1.2",
                "nic_type": "",
                "queue_count": 0,
                "stack_type": "IPV4_ONLY",
                "subnetwork": "https://www.googleapis.com/compute/v1/projects/level-agent-460100-t6/regions/europe-west6/subnetworks/shaimaa-management-subnet",
                "subnetwork_project": "level-agent-460100-t6"
              }
            ],
            "network_performance_config": [],
            "params": [],
            "project": "level-agent-460100-t6",
            "reservation_affinity": [],
            "resource_policies": [],
            "scheduling": [
              {
                "automatic_restart": true,
                "instance_termination_action": "",
                "local_ssd_recovery_timeout": [],
                "max_run_duration": [],
                "min_node_cpus": 0,
                "node_affinities": [],
                "on_host_maintenance": "MIGRATE",
                "on_instance_stop_action": [],
                "preemptible": false,
                "provisioning_model": "STANDARD"
              }
            ],
            "scratch_disk": [],
            "self_link": "https://www.googleapis.com/compute/v1/projects/level-agent-460100-t6/zones/europe-west6-a/instances/shaimaa-private-vm",
            "service_account": [
              {
                "email": "shaimaa-vm-sa@level-agent-460100-t6.iam.gserviceaccount.com",
                "scopes": [
                  "https://www.googleapis.com/auth/cloud-platform"
                ]
              }
            ],
            "shielded_instance_config": [
              {
                "enable_integrity_monitoring": true,
                "enable_secure_boot": false,
                "enable_vtpm": true
              }
            ],
            "tags": [
              "iap-access"
            ],
            "tags_fingerprint": "DJ2TjF6C9LQ=",
            "terraform_labels": {},
            "timeouts": null,
            "zone": "europe-west6-a"
          },
          "sensitive_attributes": [
            [
              {
                "type": "get_attr",
                "value": "boot_disk"
              },
              {
                "type": "index",
                "value": {
                  "value": 0,
                  "type": "number"
                }
              },
              {
                "type": "get_attr",
                "value": "disk_encryption_key_raw"
              }
            ]
          ],
          "identity_schema_version": 0,
          "private": "eyJlMmJmYjczMC1lY2FhLTExZTYtOGY4OC0zNDM2M2JjN2M0YzAiOnsiY3JlYXRlIjoxMjAwMDAwMDAwMDAwLCJkZWxldGUiOjEyMDAwMDAwMDAwMDAsInVwZGF0ZSI6MTIwMDAwMDAwMDAwMH0sInNjaGVtYV92ZXJzaW9uIjoiNiJ9",
          "dependencies": [
            "data.google_compute_image.ubuntu_image",
            "google_compute_network.shaimaa_custom_vpc",
            "google_compute_subnetwork.management_subnet",
            "google_service_account.vm_sa"
          ]
        }
      ]
    },
    {
      "mode": "managed",
      "type": "google_compute_network",
      "name": "shaimaa_custom_vpc",
      "provider": "provider[\"registry.terraform.io/hashicorp/google\"]",
      "instances": [
        {
          "schema_version": 0,
          "attributes": {
            "auto_create_subnetworks": false,
            "delete_default_routes_on_create": false,
            "description": "",
            "enable_ula_internal_ipv6": false,
            "gateway_ipv4": "",
            "id": "projects/level-agent-460100-t6/global/networks/shaimaa-vpc",
            "internal_ipv6_range": "",
            "mtu": 0,
            "name": "shaimaa-vpc",
            "network_firewall_policy_enforcement_order": "AFTER_CLASSIC_FIREWALL",
            "numeric_id": "5859708324053064044",
            "project": "level-agent-460100-t6",
            "routing_mode": "REGIONAL",
            "self_link": "https://www.googleapis.com/compute/v1/projects/level-agent-460100-t6/global/networks/shaimaa-vpc",
            "timeouts": null
          },
          "sensitive_attributes": [],
          "identity_schema_version": 0,
          "private": "eyJlMmJmYjczMC1lY2FhLTExZTYtOGY4OC0zNDM2M2JjN2M0YzAiOnsiY3JlYXRlIjoxMjAwMDAwMDAwMDAwLCJkZWxldGUiOjEyMDAwMDAwMDAwMDAsInVwZGF0ZSI6MTIwMDAwMDAwMDAwMH19"
        }
      ]
    },
    {
      "mode": "managed",
      "type": "google_compute_router",
      "name": "nat_router",
      "provider": "provider[\"registry.terraform.io/hashicorp/google\"]",
      "instances": [
        {
          "schema_version": 0,
          "attributes": {
            "bgp": [],
            "creation_timestamp": "2025-05-29T11:29:46.646-07:00",
            "description": "",
            "encrypted_interconnect_router": false,
            "id": "projects/level-agent-460100-t6/regions/europe-west6/routers/shaimaa-nat-router",
            "name": "shaimaa-nat-router",
            "network": "https://www.googleapis.com/compute/v1/projects/level-agent-460100-t6/global/networks/shaimaa-vpc",
            "project": "level-agent-460100-t6",
            "region": "europe-west6",
            "self_link": "https://www.googleapis.com/compute/v1/projects/level-agent-460100-t6/regions/europe-west6/routers/shaimaa-nat-router",
            "timeouts": null
          },
          "sensitive_attributes": [],
          "identity_schema_version": 0,
          "private": "eyJlMmJmYjczMC1lY2FhLTExZTYtOGY4OC0zNDM2M2JjN2M0YzAiOnsiY3JlYXRlIjoxMjAwMDAwMDAwMDAwLCJkZWxldGUiOjEyMDAwMDAwMDAwMDAsInVwZGF0ZSI6MTIwMDAwMDAwMDAwMH19",
          "dependencies": [
            "google_compute_network.shaimaa_custom_vpc"
          ]
        }
      ]
    },
    {
      "mode": "managed",
      "type": "google_compute_router_nat",
      "name": "nat_gateway",
      "provider": "provider[\"registry.terraform.io/hashicorp/google\"]",
      "instances": [
        {
          "schema_version": 0,
          "attributes": {
            "auto_network_tier": "PREMIUM",
            "drain_nat_ips": [],
            "enable_dynamic_port_allocation": false,
            "enable_endpoint_independent_mapping": false,
            "endpoint_types": [
              "ENDPOINT_TYPE_VM"
            ],
            "icmp_idle_timeout_sec": 30,
            "id": "level-agent-460100-t6/europe-west6/shaimaa-nat-router/shaimaa-nat-config",
            "log_config": [],
            "max_ports_per_vm": 0,
            "min_ports_per_vm": 0,
            "name": "shaimaa-nat-config",
            "nat_ip_allocate_option": "AUTO_ONLY",
            "nat_ips": [],
            "project": "level-agent-460100-t6",
            "region": "europe-west6",
            "router": "shaimaa-nat-router",
            "rules": [],
            "source_subnetwork_ip_ranges_to_nat": "LIST_OF_SUBNETWORKS",
            "subnetwork": [
              {
                "name": "https://www.googleapis.com/compute/v1/projects/level-agent-460100-t6/regions/europe-west6/subnetworks/shaimaa-management-subnet",
                "secondary_ip_range_names": [],
                "source_ip_ranges_to_nat": [
                  "ALL_IP_RANGES"
                ]
              }
            ],
            "tcp_established_idle_timeout_sec": 1200,
            "tcp_time_wait_timeout_sec": 120,
            "tcp_transitory_idle_timeout_sec": 30,
            "timeouts": null,
            "udp_idle_timeout_sec": 30
          },
          "sensitive_attributes": [],
          "identity_schema_version": 0,
          "private": "eyJlMmJmYjczMC1lY2FhLTExZTYtOGY4OC0zNDM2M2JjN2M0YzAiOnsiY3JlYXRlIjoxMjAwMDAwMDAwMDAwLCJkZWxldGUiOjEyMDAwMDAwMDAwMDAsInVwZGF0ZSI6MTIwMDAwMDAwMDAwMH19",
          "dependencies": [
            "google_compute_network.shaimaa_custom_vpc",
            "google_compute_router.nat_router",
            "google_compute_subnetwork.management_subnet"
          ]
        }
      ]
    },
    {
      "mode": "managed",
      "type": "google_compute_subnetwork",
      "name": "management_subnet",
      "provider": "provider[\"registry.terraform.io/hashicorp/google\"]",
      "instances": [
        {
          "schema_version": 0,
          "attributes": {
            "creation_timestamp": "2025-05-29T11:29:47.139-07:00",
            "description": "",
            "external_ipv6_prefix": "",
            "fingerprint": null,
            "gateway_address": "10.10.1.1",
            "id": "projects/level-agent-460100-t6/regions/europe-west6/subnetworks/shaimaa-management-subnet",
            "internal_ipv6_prefix": "",
            "ip_cidr_range": "10.10.1.0/24",
            "ipv6_access_type": "",
            "ipv6_cidr_range": "",
            "log_config": [],
            "name": "shaimaa-management-subnet",
            "network": "https://www.googleapis.com/compute/v1/projects/level-agent-460100-t6/global/networks/shaimaa-vpc",
            "private_ip_google_access": false,
            "private_ipv6_google_access": "DISABLE_GOOGLE_ACCESS",
            "project": "level-agent-460100-t6",
            "purpose": "PRIVATE",
            "region": "europe-west6",
            "role": "",
            "secondary_ip_range": [],
            "self_link": "https://www.googleapis.com/compute/v1/projects/level-agent-460100-t6/regions/europe-west6/subnetworks/shaimaa-management-subnet",
            "send_secondary_ip_range_if_empty": null,
            "stack_type": "IPV4_ONLY",
            "timeouts": null
          },
          "sensitive_attributes": [],
          "identity_schema_version": 0,
          "private": "eyJlMmJmYjczMC1lY2FhLTExZTYtOGY4OC0zNDM2M2JjN2M0YzAiOnsiY3JlYXRlIjoxMjAwMDAwMDAwMDAwLCJkZWxldGUiOjEyMDAwMDAwMDAwMDAsInVwZGF0ZSI6MTIwMDAwMDAwMDAwMH19",
          "dependencies": [
            "google_compute_network.shaimaa_custom_vpc"
          ]
        }
      ]
    },
    {
      "mode": "managed",
      "type": "google_compute_subnetwork",
      "name": "restricted_subnet",
      "provider": "provider[\"registry.terraform.io/hashicorp/google\"]",
      "instances": [
        {
          "schema_version": 0,
          "attributes": {
            "creation_timestamp": "2025-05-29T11:29:47.034-07:00",
            "description": "",
            "external_ipv6_prefix": "",
            "fingerprint": null,
            "gateway_address": "10.10.2.1",
            "id": "projects/level-agent-460100-t6/regions/europe-west6/subnetworks/shaimaa-restricted-subnet",
            "internal_ipv6_prefix": "",
            "ip_cidr_range": "10.10.2.0/24",
            "ipv6_access_type": "",
            "ipv6_cidr_range": "",
            "log_config": [],
            "name": "shaimaa-restricted-subnet",
            "network": "https://www.googleapis.com/compute/v1/projects/level-agent-460100-t6/global/networks/shaimaa-vpc",
            "private_ip_google_access": true,
            "private_ipv6_google_access": "DISABLE_GOOGLE_ACCESS",
            "project": "level-agent-460100-t6",
            "purpose": "PRIVATE",
            "region": "europe-west6",
            "role": "",
            "secondary_ip_range": [
              {
                "ip_cidr_range": "10.184.0.0/14",
                "range_name": "gke-shaimaa-private-gke-cluster-pods-cf5c5add"
              }
            ],
            "self_link": "https://www.googleapis.com/compute/v1/projects/level-agent-460100-t6/regions/europe-west6/subnetworks/shaimaa-restricted-subnet",
            "send_secondary_ip_range_if_empty": null,
            "stack_type": "IPV4_ONLY",
            "timeouts": null
          },
          "sensitive_attributes": [],
          "identity_schema_version": 0,
          "private": "eyJlMmJmYjczMC1lY2FhLTExZTYtOGY4OC0zNDM2M2JjN2M0YzAiOnsiY3JlYXRlIjoxMjAwMDAwMDAwMDAwLCJkZWxldGUiOjEyMDAwMDAwMDAwMDAsInVwZGF0ZSI6MTIwMDAwMDAwMDAwMH19",
          "dependencies": [
            "google_compute_network.shaimaa_custom_vpc"
          ]
        }
      ]
    },
    {
      "mode": "managed",
      "type": "google_project_iam_member",
      "name": "vm_sa_roles",
      "provider": "provider[\"registry.terraform.io/hashicorp/google\"]",
      "instances": [
        {
          "index_key": "roles/artifactregistry.admin",
          "schema_version": 0,
          "attributes": {
            "condition": [],
            "etag": "BwY2SnsRpH4=",
            "id": "level-agent-460100-t6/roles/artifactregistry.admin/serviceAccount:shaimaa-vm-sa@level-agent-460100-t6.iam.gserviceaccount.com",
            "member": "serviceAccount:shaimaa-vm-sa@level-agent-460100-t6.iam.gserviceaccount.com",
            "project": "level-agent-460100-t6",
            "role": "roles/artifactregistry.admin"
          },
          "sensitive_attributes": [],
          "identity_schema_version": 0,
          "private": "bnVsbA==",
          "dependencies": [
            "google_service_account.vm_sa"
          ]
        },
        {
          "index_key": "roles/container.clusterAdmin",
          "schema_version": 0,
          "attributes": {
            "condition": [],
            "etag": "BwY2SnsRpH4=",
            "id": "level-agent-460100-t6/roles/container.clusterAdmin/serviceAccount:shaimaa-vm-sa@level-agent-460100-t6.iam.gserviceaccount.com",
            "member": "serviceAccount:shaimaa-vm-sa@level-agent-460100-t6.iam.gserviceaccount.com",
            "project": "level-agent-460100-t6",
            "role": "roles/container.clusterAdmin"
          },
          "sensitive_attributes": [],
          "identity_schema_version": 0,
          "private": "bnVsbA==",
          "dependencies": [
            "google_service_account.vm_sa"
          ]
        },
        {
          "index_key": "roles/container.developer",
          "schema_version": 0,
          "attributes": {
            "condition": [],
            "etag": "BwY2SnsRpH4=",
            "id": "level-agent-460100-t6/roles/container.developer/serviceAccount:shaimaa-vm-sa@level-agent-460100-t6.iam.gserviceaccount.com",
            "member": "serviceAccount:shaimaa-vm-sa@level-agent-460100-t6.iam.gserviceaccount.com",
            "project": "level-agent-460100-t6",
            "role": "roles/container.developer"
          },
          "sensitive_attributes": [],
          "identity_schema_version": 0,
          "private": "bnVsbA==",
          "dependencies": [
            "google_service_account.vm_sa"
          ]
        },
        {
          "index_key": "roles/iam.serviceAccountUser",
          "schema_version": 0,
          "attributes": {
            "condition": [],
            "etag": "BwY2SnsRpH4=",
            "id": "level-agent-460100-t6/roles/iam.serviceAccountUser/serviceAccount:shaimaa-vm-sa@level-agent-460100-t6.iam.gserviceaccount.com",
            "member": "serviceAccount:shaimaa-vm-sa@level-agent-460100-t6.iam.gserviceaccount.com",
            "project": "level-agent-460100-t6",
            "role": "roles/iam.serviceAccountUser"
          },
          "sensitive_attributes": [],
          "identity_schema_version": 0,
          "private": "bnVsbA==",
          "dependencies": [
            "google_service_account.vm_sa"
          ]
        }
      ]
    },
    {
      "mode": "managed",
      "type": "google_service_account",
      "name": "vm_sa",
      "provider": "provider[\"registry.terraform.io/hashicorp/google\"]",
      "instances": [
        {
          "schema_version": 0,
          "attributes": {
            "account_id": "shaimaa-vm-sa",
            "create_ignore_already_exists": null,
            "description": "",
            "disabled": false,
            "display_name": "shaimaa-vm-sa",
            "email": "shaimaa-vm-sa@level-agent-460100-t6.iam.gserviceaccount.com",
            "id": "projects/level-agent-460100-t6/serviceAccounts/shaimaa-vm-sa@level-agent-460100-t6.iam.gserviceaccount.com",
            "member": "serviceAccount:shaimaa-vm-sa@level-agent-460100-t6.iam.gserviceaccount.com",
            "name": "projects/level-agent-460100-t6/serviceAccounts/shaimaa-vm-sa@level-agent-460100-t6.iam.gserviceaccount.com",
            "project": "level-agent-460100-t6",
            "timeouts": null,
            "unique_id": "113700918432374704693"
          },
          "sensitive_attributes": [],
          "identity_schema_version": 0,
          "private": "eyJlMmJmYjczMC1lY2FhLTExZTYtOGY4OC0zNDM2M2JjN2M0YzAiOnsiY3JlYXRlIjozMDAwMDAwMDAwMDB9fQ=="
        }
      ]
    },
    {
      "module": "module.gke",
      "mode": "managed",
      "type": "google_container_cluster",
      "name": "private_gke_cluster",
      "provider": "provider[\"registry.terraform.io/hashicorp/google\"]",
      "instances": [
        {
          "schema_version": 2,
          "attributes": {
            "addons_config": [
              {
                "cloudrun_config": [],
                "config_connector_config": [],
                "dns_cache_config": [],
                "gce_persistent_disk_csi_driver_config": [
                  {
                    "enabled": true
                  }
                ],
                "gcp_filestore_csi_driver_config": [],
                "gcs_fuse_csi_driver_config": [],
                "gke_backup_agent_config": [],
                "horizontal_pod_autoscaling": [],
                "http_load_balancing": [],
                "network_policy_config": [
                  {
                    "disabled": true
                  }
                ],
                "ray_operator_config": [],
                "stateful_ha_config": []
              }
            ],
            "allow_net_admin": null,
            "authenticator_groups_config": [],
            "binary_authorization": [
              {
                "enabled": false,
                "evaluation_mode": ""
              }
            ],
            "cluster_autoscaling": [
              {
                "auto_provisioning_defaults": [],
                "auto_provisioning_locations": [],
                "autoscaling_profile": "BALANCED",
                "enabled": false,
                "resource_limits": []
              }
            ],
            "cluster_ipv4_cidr": "10.184.0.0/14",
            "confidential_nodes": [],
            "cost_management_config": [],
            "database_encryption": [
              {
                "key_name": "",
                "state": "DECRYPTED"
              }
            ],
            "datapath_provider": "",
            "default_max_pods_per_node": 110,
            "default_snat_status": [
              {
                "disabled": false
              }
            ],
            "deletion_protection": false,
            "description": "",
            "dns_config": [],
            "enable_autopilot": false,
            "enable_cilium_clusterwide_network_policy": false,
            "enable_intranode_visibility": false,
            "enable_k8s_beta_apis": [],
            "enable_kubernetes_alpha": false,
            "enable_l4_ilb_subsetting": false,
            "enable_legacy_abac": false,
            "enable_multi_networking": false,
            "enable_shielded_nodes": true,
            "enable_tpu": false,
            "endpoint": "172.16.0.2",
            "fleet": [],
            "gateway_api_config": [],
            "id": "projects/level-agent-460100-t6/locations/europe-west6-a/clusters/shaimaa-private-gke-cluster",
            "identity_service_config": [],
            "initial_node_count": 2,
            "ip_allocation_policy": [
              {
                "additional_pod_ranges_config": [],
                "cluster_ipv4_cidr_block": "10.184.0.0/14",
                "cluster_secondary_range_name": "gke-shaimaa-private-gke-cluster-pods-cf5c5add",
                "pod_cidr_overprovision_config": [
                  {
                    "disabled": false
                  }
                ],
                "services_ipv4_cidr_block": "34.118.224.0/20",
                "services_secondary_range_name": "",
                "stack_type": "IPV4"
              }
            ],
            "label_fingerprint": "a9dc16a7",
            "location": "europe-west6-a",
            "logging_config": [
              {
                "enable_components": [
                  "SYSTEM_COMPONENTS",
                  "WORKLOADS"
                ]
              }
            ],
            "logging_service": "logging.googleapis.com/kubernetes",
            "maintenance_policy": [],
            "master_auth": [
              {
                "client_certificate": "",
                "client_certificate_config": [
                  {
                    "issue_client_certificate": false
                  }
                ],
                "client_key": "",
                "cluster_ca_certificate": "LS0tLS1CRUdJTiBDRVJUSUZJQ0FURS0tLS0tCk1JSUVMVENDQXBXZ0F3SUJBZ0lSQU94VDNGSzUyNXNRa010SlUxUHFra013RFFZSktvWklodmNOQVFFTEJRQXcKTHpFdE1Dc0dBMVVFQXhNa05EbGxOemRtTXpRdE5HRXhOQzAwWWpOa0xUaG1OR010WlRJd05ERm1ZVGhqTlRJMApNQ0FYRFRJMU1EVXlPVEUzTXpBd09Wb1lEekl3TlRVd05USXlNVGd6TURBNVdqQXZNUzB3S3dZRFZRUURFeVEwCk9XVTNOMll6TkMwMFlURTBMVFJpTTJRdE9HWTBZeTFsTWpBME1XWmhPR00xTWpRd2dnR2lNQTBHQ1NxR1NJYjMKRFFFQkFRVUFBNElCandBd2dnR0tBb0lCZ1FDZFhvQXZ1QnQ5ajVIM2htMG5TLzRJbVg1a2pWeE44enJzYk9DeApleGNySVcwYVNnNHNiT0k5RWx0a2hOQ3BSZWUrWVVITllUTGRwWXZUcWFhVHJQVHF2cTRDOEdobHl4ZDdod1I0CklybE9yQ0pkYVl3UHh6QUxZTzRGMkYxZWNPdWZRQU9IQ1pLamRIaU5FZnNqcDBWSis2WTlDYTQ3UXVHK2htNWEKbEZSVVFHZHRBNDMrb3VlUTRlZ3Y2WmxBTEpaUDhjY1lJbGd2OGFVUTc0MEdxc3cwdExmMmhDckpSdjZWM0JkNgpwalhOZzFVSlJvQ1A0d0xTY2swY2xOL3k3cHhjSURDelBvYUtxbGFpckIzQUVJTTNzb0REV1JHUWdtL0JiMG8vCkZlRDlzMXpCL2ZmWlcwekJHMko0U0EvS1liVWxoSEt6eEFURkx3SW82QzhwSHJ2a2lPUDVVUjg2ckZmK1hlR3cKK2JUOFJsT0dodWtKdXkxS2hCVnMva3VmR3ZVdFR5bXcyZWpWbUZPREFNUTRxSXN2WVdCancyNW5QT2prVUpoWgp4SllPcWxuRTNQRDREcHZnMEZYb3R3QUJ1VTlwK2dHSlY5T1dzMFZGM2VPUmthT1hyL1Q5elI2K3VmQ01aQmwvCnptYlBUdDlwRldHWDFmRVVndnhtL1ljQVRFRUNBd0VBQWFOQ01FQXdEZ1lEVlIwUEFRSC9CQVFEQWdJRU1BOEcKQTFVZEV3RUIvd1FGTUFNQkFmOHdIUVlEVlIwT0JCWUVGTlcxWFozOE9tOUtPQ29PbkljcTBYejQ2S3M1TUEwRwpDU3FHU0liM0RRRUJDd1VBQTRJQmdRQmlZZXhSMDI4OXBsODJTaVpBREJuS2lUL1hNdG9aTUtSSFRxRk1yaDlBCjJVeGQyMVkyQWZNaldOdkwvdFhxeDE4NC9WK1NQaTZVTXJyVS9CWlRxMWUvZU51ZHlyY1psWk50WDJpemZ4L0YKWmwvaEp5L0dTQm4wME93RTdQeXpFdWFvdFUvWjhNY08rc05CU0FSbFBrVmxRc0xNMEVvSDRidFhXSEswWFVCNApONDdYOTlMWG1RSWxsanFTQ2J1TS96Wlg5OXE3RjA2UUhuMWI5bHJaNVNNUWJmU1ZDN0pvdXE4U0UzYjhuOTBCCmVORytydUc2VUpHOUFiM3ozOGxCZ1dwOHBPWEplVFZjci9RZUVrOHp2SWV2Tm9DTVVzd09NTitCMFZyVTJCUHAKTTJGRXp1WGlvM0VzN3RwQVJVZVVaanc5N1hvd2R0bTh1Ulhna05ZcjQ2Nlgvdlk2ODNxMTBsQU1lSnVXWkRKTgpBdVFPeUlDa3ZNZEtiNXdGaVRibzNpNHZTK1JuZGVrK2lXUHROUEJibElqT2g1NkNoVFhBM2tEaUNXejZOMUtTCjBDUmk5bGo4ZU44N1laWHpPZWFRc2s1bng0anh1VHpkZC9wZWlHUit5N3ZWL1padFM4L2t1bmpqUWdUOUJwUWoKVjdXcVY4NlNYb1pObytjeVJxMWJtSW89Ci0tLS0tRU5EIENFUlRJRklDQVRFLS0tLS0K"
              }
            ],
            "master_authorized_networks_config": [
              {
                "cidr_blocks": [
                  {
                    "cidr_block": "10.10.1.0/24",
                    "display_name": "Management Subnet"
                  }
                ],
                "gcp_public_cidrs_access_enabled": false
              }
            ],
            "master_version": "1.32.3-gke.1927009",
            "mesh_certificates": [],
            "min_master_version": null,
            "monitoring_config": [
              {
                "advanced_datapath_observability_config": [
                  {
                    "enable_metrics": false,
                    "enable_relay": false,
                    "relay_mode": "DISABLED"
                  }
                ],
                "enable_components": [
                  "SYSTEM_COMPONENTS",
                  "STORAGE",
                  "HPA",
                  "POD",
                  "DAEMONSET",
                  "DEPLOYMENT",
                  "STATEFULSET",
                  "JOBSET",
                  "CADVISOR",
                  "KUBELET",
                  "DCGM"
                ],
                "managed_prometheus": [
                  {
                    "enabled": true
                  }
                ]
              }
            ],
            "monitoring_service": "monitoring.googleapis.com/kubernetes",
            "name": "shaimaa-private-gke-cluster",
            "network": "projects/level-agent-460100-t6/global/networks/shaimaa-vpc",
            "network_policy": [
              {
                "enabled": false,
                "provider": "PROVIDER_UNSPECIFIED"
              }
            ],
            "networking_mode": "VPC_NATIVE",
            "node_config": [
              {
                "advanced_machine_features": [],
                "boot_disk_kms_key": "",
                "confidential_nodes": [],
                "containerd_config": [],
                "disk_size_gb": 30,
                "disk_type": "pd-balanced",
                "effective_taints": [],
                "enable_confidential_storage": false,
                "ephemeral_storage_local_ssd_config": [],
                "fast_socket": [],
                "gcfs_config": [],
                "guest_accelerator": [],
                "gvnic": [],
                "host_maintenance_policy": [],
                "image_type": "COS_CONTAINERD",
                "kubelet_config": [
                  {
                    "cpu_cfs_quota": false,
                    "cpu_cfs_quota_period": "",
                    "cpu_manager_policy": "",
                    "insecure_kubelet_readonly_port_enabled": "FALSE",
                    "pod_pids_limit": 0
                  }
                ],
                "labels": {},
                "linux_node_config": [],
                "local_nvme_ssd_block_config": [],
                "local_ssd_count": 0,
                "logging_variant": "DEFAULT",
                "machine_type": "e2-medium",
                "metadata": {
                  "disable-legacy-endpoints": "true"
                },
                "min_cpu_platform": "",
                "node_group": "",
                "oauth_scopes": [
                  "https://www.googleapis.com/auth/cloud-platform"
                ],
                "preemptible": false,
                "reservation_affinity": [],
                "resource_labels": {
                  "goog-gke-node-pool-provisioning-model": "on-demand"
                },
                "resource_manager_tags": {},
                "secondary_boot_disks": [],
                "service_account": "shaimaagke-node-sa@level-agent-460100-t6.iam.gserviceaccount.com",
                "shielded_instance_config": [
                  {
                    "enable_integrity_monitoring": true,
                    "enable_secure_boot": false
                  }
                ],
                "sole_tenant_config": [],
                "spot": false,
                "tags": [
                  "gke-node-2"
                ],
                "taint": [],
                "workload_metadata_config": []
              }
            ],
            "node_locations": [],
            "node_pool": [
              {
                "autoscaling": [],
                "initial_node_count": 2,
                "instance_group_urls": [
                  "https://www.googleapis.com/compute/v1/projects/level-agent-460100-t6/zones/europe-west6-a/instanceGroupManagers/gke-shaimaa-private-gke--default-pool-254c091e-grp"
                ],
                "managed_instance_group_urls": [
                  "https://www.googleapis.com/compute/v1/projects/level-agent-460100-t6/zones/europe-west6-a/instanceGroups/gke-shaimaa-private-gke--default-pool-254c091e-grp"
                ],
                "management": [
                  {
                    "auto_repair": true,
                    "auto_upgrade": true
                  }
                ],
                "max_pods_per_node": 110,
                "name": "default-pool",
                "name_prefix": "",
                "network_config": [
                  {
                    "additional_node_network_configs": [],
                    "additional_pod_network_configs": [],
                    "create_pod_range": false,
                    "enable_private_nodes": true,
                    "network_performance_config": [],
                    "pod_cidr_overprovision_config": [],
                    "pod_ipv4_cidr_block": "10.184.0.0/14",
                    "pod_range": "gke-shaimaa-private-gke-cluster-pods-cf5c5add"
                  }
                ],
                "node_config": [
                  {
                    "advanced_machine_features": [],
                    "boot_disk_kms_key": "",
                    "confidential_nodes": [],
                    "containerd_config": [],
                    "disk_size_gb": 30,
                    "disk_type": "pd-balanced",
                    "effective_taints": [],
                    "enable_confidential_storage": false,
                    "ephemeral_storage_local_ssd_config": [],
                    "fast_socket": [],
                    "gcfs_config": [],
                    "guest_accelerator": [],
                    "gvnic": [],
                    "host_maintenance_policy": [],
                    "image_type": "COS_CONTAINERD",
                    "kubelet_config": [
                      {
                        "cpu_cfs_quota": false,
                        "cpu_cfs_quota_period": "",
                        "cpu_manager_policy": "",
                        "insecure_kubelet_readonly_port_enabled": "FALSE",
                        "pod_pids_limit": 0
                      }
                    ],
                    "labels": {},
                    "linux_node_config": [],
                    "local_nvme_ssd_block_config": [],
                    "local_ssd_count": 0,
                    "logging_variant": "DEFAULT",
                    "machine_type": "e2-medium",
                    "metadata": {
                      "disable-legacy-endpoints": "true"
                    },
                    "min_cpu_platform": "",
                    "node_group": "",
                    "oauth_scopes": [
                      "https://www.googleapis.com/auth/cloud-platform"
                    ],
                    "preemptible": false,
                    "reservation_affinity": [],
                    "resource_labels": {
                      "goog-gke-node-pool-provisioning-model": "on-demand"
                    },
                    "resource_manager_tags": {},
                    "secondary_boot_disks": [],
                    "service_account": "shaimaagke-node-sa@level-agent-460100-t6.iam.gserviceaccount.com",
                    "shielded_instance_config": [
                      {
                        "enable_integrity_monitoring": true,
                        "enable_secure_boot": false
                      }
                    ],
                    "sole_tenant_config": [],
                    "spot": false,
                    "tags": [
                      "gke-node-2"
                    ],
                    "taint": [],
                    "workload_metadata_config": []
                  }
                ],
                "node_count": 2,
                "node_locations": [
                  "europe-west6-a"
                ],
                "placement_policy": [],
                "queued_provisioning": [],
                "upgrade_settings": [
                  {
                    "blue_green_settings": [],
                    "max_surge": 1,
                    "max_unavailable": 0,
                    "strategy": "SURGE"
                  }
                ],
                "version": "1.32.3-gke.1927009"
              }
            ],
            "node_pool_auto_config": [
              {
                "network_tags": [],
                "node_kubelet_config": [
                  {
                    "insecure_kubelet_readonly_port_enabled": "FALSE"
                  }
                ],
                "resource_manager_tags": {}
              }
            ],
            "node_pool_defaults": [
              {
                "node_config_defaults": [
                  {
                    "containerd_config": [],
                    "insecure_kubelet_readonly_port_enabled": "FALSE",
                    "logging_variant": "DEFAULT"
                  }
                ]
              }
            ],
            "node_version": "1.32.3-gke.1927009",
            "notification_config": [
              {
                "pubsub": [
                  {
                    "enabled": false,
                    "filter": [],
                    "topic": ""
                  }
                ]
              }
            ],
            "operation": null,
            "private_cluster_config": [
              {
                "enable_private_endpoint": true,
                "enable_private_nodes": true,
                "master_global_access_config": [
                  {
                    "enabled": true
                  }
                ],
                "master_ipv4_cidr_block": "172.16.0.0/28",
                "peering_name": "",
                "private_endpoint": "172.16.0.2",
                "private_endpoint_subnetwork": "",
                "public_endpoint": "34.65.124.200"
              }
            ],
            "private_ipv6_google_access": "",
            "project": "level-agent-460100-t6",
            "release_channel": [
              {
                "channel": "REGULAR"
              }
            ],
            "remove_default_node_pool": null,
            "resource_labels": {},
            "resource_usage_export_config": [],
            "security_posture_config": [
              {
                "mode": "BASIC",
                "vulnerability_mode": "VULNERABILITY_MODE_UNSPECIFIED"
              }
            ],
            "self_link": "https://container.googleapis.com/v1/projects/level-agent-460100-t6/zones/europe-west6-a/clusters/shaimaa-private-gke-cluster",
            "service_external_ips_config": [
              {
                "enabled": false
              }
            ],
            "services_ipv4_cidr": "34.118.224.0/20",
            "subnetwork": "projects/level-agent-460100-t6/regions/europe-west6/subnetworks/shaimaa-restricted-subnet",
            "timeouts": null,
            "tpu_ipv4_cidr_block": "",
            "vertical_pod_autoscaling": [],
            "workload_identity_config": []
          },
          "sensitive_attributes": [
            [
              {
                "type": "get_attr",
                "value": "master_auth"
              },
              {
                "type": "index",
                "value": {
                  "value": 0,
                  "type": "number"
                }
              },
              {
                "type": "get_attr",
                "value": "client_key"
              }
            ]
          ],
          "identity_schema_version": 0,
          "private": "eyJlMmJmYjczMC1lY2FhLTExZTYtOGY4OC0zNDM2M2JjN2M0YzAiOnsiY3JlYXRlIjoyNDAwMDAwMDAwMDAwLCJkZWxldGUiOjI0MDAwMDAwMDAwMDAsInJlYWQiOjI0MDAwMDAwMDAwMDAsInVwZGF0ZSI6MzYwMDAwMDAwMDAwMH0sInNjaGVtYV92ZXJzaW9uIjoiMiJ9",
          "dependencies": [
            "google_compute_network.shaimaa_custom_vpc",
            "google_compute_subnetwork.restricted_subnet",
            "module.gke.google_service_account.gke_nodes"
          ]
        }
      ]
    },
    {
      "module": "module.gke",
      "mode": "managed",
      "type": "google_project_iam_member",
      "name": "artifact_reader",
      "provider": "provider[\"registry.terraform.io/hashicorp/google\"]",
      "instances": [
        {
          "schema_version": 0,
          "attributes": {
            "condition": [],
            "etag": "BwY2SnsRpH4=",
            "id": "level-agent-460100-t6/roles/artifactregistry.admin/serviceAccount:shaimaagke-node-sa@level-agent-460100-t6.iam.gserviceaccount.com",
            "member": "serviceAccount:shaimaagke-node-sa@level-agent-460100-t6.iam.gserviceaccount.com",
            "project": "level-agent-460100-t6",
            "role": "roles/artifactregistry.admin"
          },
          "sensitive_attributes": [],
          "identity_schema_version": 0,
          "private": "bnVsbA==",
          "dependencies": [
            "module.gke.google_service_account.gke_nodes"
          ]
        }
      ]
    },
    {
      "module": "module.gke",
      "mode": "managed",
      "type": "google_service_account",
      "name": "gke_nodes",
      "provider": "provider[\"registry.terraform.io/hashicorp/google\"]",
      "instances": [
        {
          "schema_version": 0,
          "attributes": {
            "account_id": "shaimaagke-node-sa",
            "create_ignore_already_exists": null,
            "description": "",
            "disabled": false,
            "display_name": "shaimaagke-node-sa",
            "email": "shaimaagke-node-sa@level-agent-460100-t6.iam.gserviceaccount.com",
            "id": "projects/level-agent-460100-t6/serviceAccounts/shaimaagke-node-sa@level-agent-460100-t6.iam.gserviceaccount.com",
            "member": "serviceAccount:shaimaagke-node-sa@level-agent-460100-t6.iam.gserviceaccount.com",
            "name": "projects/level-agent-460100-t6/serviceAccounts/shaimaagke-node-sa@level-agent-460100-t6.iam.gserviceaccount.com",
            "project": "level-agent-460100-t6",
            "timeouts": null,
            "unique_id": "111830704823343370319"
          },
          "sensitive_attributes": [],
          "identity_schema_version": 0,
          "private": "eyJlMmJmYjczMC1lY2FhLTExZTYtOGY4OC0zNDM2M2JjN2M0YzAiOnsiY3JlYXRlIjozMDAwMDAwMDAwMDB9fQ=="
        }
      ]
    }
  ],
  "check_results": null
}
